{
  "name": "promptology",
  "version": "1.0.10",
  "lockfileVersion": 3,
  "requires": true,
  "packages": {
    "": {
      "name": "promptology",
      "version": "1.0.10",
      "hasInstallScript": true,
      "license": "MIT",
      "bin": {
        "promptology": "bin/promptology-setup.js",
        "promptology-setup": "bin/promptology-setup.js"
      }
    }
  }
}
